
Microsoft Visual Studio Solution File, Format Version 12.00
# Visual Studio Version 17
VisualStudioVersion = 17.9.34607.119
MinimumVisualStudioVersion = 10.0.40219.1
Project("{FAE04EC0-301F-11D3-BF4B-00C04F79EFBC}") = "MauiControlsLibrary", "MauiControlsLibrary\MauiControlsLibrary.csproj", "{1142CD1D-927A-42DE-BE03-FE9D4D825EEE}"
EndProject
Global
	GlobalSection(SolutionConfigurationPlatforms) = preSolution
		Debug|Any CPU = Debug|Any CPU
		Release|Any CPU = Release|Any CPU
	EndGlobalSection
	GlobalSection(ProjectConfigurationPlatforms) = postSolution
		{1142CD1D-927A-42DE-BE03-FE9D4D825EEE}.Debug|Any CPU.ActiveCfg = Debug|Any CPU
		{1142CD1D-927A-42DE-BE03-FE9D4D825EEE}.Debug|Any CPU.Build.0 = Debug|Any CPU
		{1142CD1D-927A-42DE-BE03-FE9D4D825EEE}.Release|Any CPU.ActiveCfg = Release|Any CPU
		{1142CD1D-927A-42DE-BE03-FE9D4D825EEE}.Release|Any CPU.Build.0 = Release|Any CPU
	EndGlobalSection
	GlobalSection(SolutionProperties) = preSolution
		HideSolutionNode = FALSE
	EndGlobalSection
	GlobalSection(ExtensibilityGlobals) = postSolution
		SolutionGuid = {E7CCE033-8F3B-4225-B25E-AD8CD7618BA1}
	EndGlobalSection
EndGlobal
